// !$*UTF8*$!
{
	archiveVersion = 1;
	classes = {
	};
	objectVersion = 46;
	objects = {

/* Begin PBXBuildFile section */
		141152F31D47B07A002171BC /* AppDelegate.swift in Sources */ = {isa = PBXBuildFile; fileRef = 141152F21D47B07A002171BC /* AppDelegate.swift */; };
		141152F51D47B07A002171BC /* ViewController.swift in Sources */ = {isa = PBXBuildFile; fileRef = 141152F41D47B07A002171BC /* ViewController.swift */; };
		141152F81D47B07A002171BC /* Main.storyboard in Resources */ = {isa = PBXBuildFile; fileRef = 141152F61D47B07A002171BC /* Main.storyboard */; };
		141152FA1D47B07A002171BC /* Assets.xcassets in Resources */ = {isa = PBXBuildFile; fileRef = 141152F91D47B07A002171BC /* Assets.xcassets */; };
		141152FD1D47B07A002171BC /* LaunchScreen.storyboard in Resources */ = {isa = PBXBuildFile; fileRef = 141152FB1D47B07A002171BC /* LaunchScreen.storyboard */; };
/* End PBXBuildFile section */

/* Begin PBXFileReference section */
		141152EF1D47B07A002171BC /* coreGF.app */ = {isa = PBXFileReference; explicitFileType = wrapper.application; includeInIndex = 0; path = coreGF.app; sourceTree = BUILT_PRODUCTS_DIR; };
		141152F21D47B07A002171BC /* AppDelegate.swift */ = {isa = PBXFileReference; lastKnownFileType = sourcecode.swift; path = AppDelegate.swift; sourceTree = "<group>"; };
		141152F41D47B07A002171BC /* ViewController.swift */ = {isa = PBXFileReference; lastKnownFileType = sourcecode.swift; path = ViewController.swift; sourceTree = "<group>"; };
		141152F71D47B07A002171BC /* Base */ = {isa = PBXFileReference; lastKnownFileType = file.storyboard; name = Base; path = Base.lproj/Main.storyboard; sourceTree = "<group>"; };
		141152F91D47B07A002171BC /* Assets.xcassets */ = {isa = PBXFileReference; lastKnownFileType = folder.assetcatalog; path = Assets.xcassets; sourceTree = "<group>"; };
		141152FC1D47B07A002171BC /* Base */ = {isa = PBXFileReference; lastKnownFileType = file.storyboard; name = Base; path = Base.lproj/LaunchScreen.storyboard; sourceTree = "<group>"; };
		141152FE1D47B07A002171BC /* Info.plist */ = {isa = PBXFileReference; lastKnownFileType = text.plist.xml; path = Info.plist; sourceTree = "<group>"; };
/* End PBXFileReference section */

/* Begin PBXFrameworksBuildPhase section */
		141152EC1D47B07A002171BC /* Frameworks */ = {
			isa = PBXFrameworksBuildPhase;
			buildActionMask = 2147483647;
			files = (
			);
			runOnlyForDeploymentPostprocessing = 0;
		};
/* End PBXFrameworksBuildPhase section */

/* Begin PBXGroup section */
		141152E61D47B07A002171BC = {
			isa = PBXGroup;
			children = (
				141152F11D47B07A002171BC /* coreGF */,
				141152F01D47B07A002171BC /* Products */,
			);
			sourceTree = "<group>";
		};
		141152F01D47B07A002171BC /* Products */ = {
			isa = PBXGroup;
			children = (
				141152EF1D47B07A002171BC /* coreGF.app */,
			);
			name = Products;
			sourceTree = "<group>";
		};
		141152F11D47B07A002171BC /* coreGF */ = {
			isa = PBXGroup;
			children = (
				141152F21D47B07A002171BC /* AppDelegate.swift */,
				141152F41D47B07A002171BC /* ViewController.swift */,
				141152F61D47B07A002171BC /* Main.storyboard */,
				141152F91D47B07A002171BC /* Assets.xcassets */,
				141152FB1D47B07A002171BC /* LaunchScreen.storyboard */,
				141152FE1D47B07A002171BC /* Info.plist */,
			);
			path = coreGF;
			sourceTree = "<group>";
		};
/* End PBXGroup section */

/* Begin PBXNativeTarget section */
		141152EE1D47B07A002171BC /* coreGF */ = {
			isa = PBXNativeTarget;
			buildConfigurationList = 141153011D47B07A002171BC /* Build configuration list for PBXNativeTarget "coreGF" */;
			buildPhases = (
				141152EB1D47B07A002171BC /* Sources */,
				141152EC1D47B07A002171BC /* Frameworks */,
				141152ED1D47B07A002171BC /* Resources */,
			);
			buildRules = (
			);
			dependencies = (
			);
			name = coreGF;
			productName = coreGF;
			productReference = 141152EF1D47B07A002171BC /* coreGF.app */;
			productType = "com.apple.product-type.application";
		};
/* End PBXNativeTarget section */

/* Begin PBXProject section */
		141152E71D47B07A002171BC /* Project object */ = {
			isa = PBXProject;
			attributes = {
				LastSwiftUpdateCheck = 0730;
				LastUpgradeCheck = 0730;
				ORGANIZATIONNAME = MyStudio;
				TargetAttributes = {
					141152EE1D47B07A002171BC = {
						CreatedOnToolsVersion = 7.3.1;
					};
				};
			};
			buildConfigurationList = 141152EA1D47B07A002171BC /* Build configuration list for PBXProject "coreGF" */;
			compatibilityVersion = "Xcode 3.2";
			developmentRegion = English;
			hasScannedForEncodings = 0;
			knownRegions = (
				en,
				Base,
			);
			mainGroup = 141152E61D47B07A002171BC;
			productRefGroup = 141152F01D47B07A002171BC /* Products */;
			projectDirPath = "";
			projectRoot = "";
			targets = (
				141152EE1D47B07A002171BC /* coreGF */,
			);
		};
/* End PBXProject section */

/* Begin PBXResourcesBuildPhase section */
		141152ED1D47B07A002171BC /* Resources */ = {
			isa = PBXResourcesBuildPhase;
			buildActionMask = 2147483647;
			files = (
				141152FD1D47B07A002171BC /* LaunchScreen.storyboard in Resources */,
				141152FA1D47B07A002171BC /* Assets.xcassets in Resources */,
				141152F81D47B07A002171BC /* Main.storyboard in Resources */,
			);
			runOnlyForDeploymentPostprocessing = 0;
		};
/* End PBXResourcesBuildPhase section */

/* Begin PBXSourcesBuildPhase section */
		141152EB1D47B07A002171BC /* Sources */ = {
			isa = PBXSourcesBuildPhase;
			buildActionMask = 2147483647;
			files = (
				141152F51D47B07A002171BC /* ViewController.swift in Sources */,
				141152F31D47B07A002171BC /* AppDelegate.swift in Sources */,
			);
			runOnlyForDeploymentPostprocessing = 0;
		};
/* End PBXSourcesBuildPhase section */

/* Begin PBXVariantGroup section */
		141152F61D47B07A002171BC /* Main.storyboard */ = {
			isa = PBXVariantGroup;
			children = (
				141152F71D47B07A002171BC /* Base */,
			);
			name = Main.storyboard;
			sourceTree = "<group>";
		};
		141152FB1D47B07A002171BC /* LaunchScreen.storyboard */ = {
			isa = PBXVariantGroup;
			children = (
				141152FC1D47B07A002171BC /* Base */,
			);
			name = LaunchScreen.storyboard;
			sourceTree = "<group>";
		};
/* End PBXVariantGroup section */

/* Begin XCBuildConfiguration section */
		141152FF1D47B07A002171BC /* Debug */ = {
			isa = XCBuildConfiguration;
			buildSettings = {
				ALWAYS_SEARCH_USER_PATHS = NO;
				CLANG_ANALYZER_NONNULL = YES;
				CLANG_CXX_LANGUAGE_STANDARD = "gnu++0x";
				CLANG_CXX_LIBRARY = "libc++";
				CLANG_ENABLE_MODULES = YES;
				CLANG_ENABLE_OBJC_ARC = YES;
				CLANG_WARN_BOOL_CONVERSION = YES;
				CLANG_WARN_CONSTANT_CONVERSION = YES;
				CLANG_WARN_DIRECT_OBJC_ISA_USAGE = YES_ERROR;
				CLANG_WARN_EMPTY_BODY = YES;
				CLANG_WARN_ENUM_CONVERSION = YES;
				CLANG_WARN_INT_CONVERSION = YES;
				CLANG_WARN_OBJC_ROOT_CLASS = YES_ERROR;
				CLANG_WARN_UNREACHABLE_CODE = YES;
				CLANG_WARN__DUPLICATE_METHOD_MATCH = YES;
				"CODE_SIGN_IDENTITY[sdk=iphoneos*]" = "iPhone Developer";
				COPY_PHASE_STRIP = NO;
				DEBUG_INFORMATION_FORMAT = dwarf;
				ENABLE_STRICT_OBJC_MSGSEND = YES;
				ENABLE_TESTABILITY = YES;
				GCC_C_LANGUAGE_STANDARD = gnu99;
				GCC_DYNAMIC_NO_PIC = NO;
				GCC_NO_COMMON_BLOCKS = YES;
				GCC_OPTIMIZATION_LEVEL = 0;
				GCC_PREPROCESSOR_DEFINITIONS = (
					"DEBUG=1",
					"$(inherited)",
				);
				GCC_WARN_64_TO_32_BIT_CONVERSION = YES;
				GCC_WARN_ABOUT_RETURN_TYPE = YES_ERROR;
				GCC_WARN_UNDECLARED_SELECTOR = YES;
				GCC_WARN_UNINITIALIZED_AUTOS = YES_AGGRESSIVE;
				GCC_WARN_UNUSED_FUNCTION = YES;
				GCC_WARN_UNUSED_VARIABLE = YES;
				IPHONEOS_DEPLOYMENT_TARGET = 9.3;
				MTL_ENABLE_DEBUG_INFO = YES;
				ONLY_ACTIVE_ARCH = YES;
				SDKROOT = iphoneos;
				SWIFT_OPTIMIZATION_LEVEL = "-Onone";
				TARGETED_DEVICE_FAMILY = "1,2";
			};
			name = Debug;
		};
		141153001D47B07A002171BC /* Release */ = {
			isa = XCBuildConfiguration;
			buildSettings = {
				ALWAYS_SEARCH_USER_PATHS = NO;
				CLANG_ANALYZER_NONNULL = YES;
				CLANG_CXX_LANGUAGE_STANDARD = "gnu++0x";
				CLANG_CXX_LIBRARY = "libc++";
				CLANG_ENABLE_MODULES = YES;
				CLANG_ENABLE_OBJC_ARC = YES;
				CLANG_WARN_BOOL_CONVERSION = YES;
				CLANG_WARN_CONSTANT_CONVERSION = YES;
				CLANG_WARN_DIRECT_OBJC_ISA_USAGE = YES_ERROR;
				CLANG_WARN_EMPTY_BODY = YES;
				CLANG_WARN_ENUM_CONVERSION = YES;
				CLANG_WARN_INT_CONVERSION = YES;
				CLANG_WARN_OBJC_ROOT_CLASS = YES_ERROR;
				CLANG_WARN_UNREACHABLE_CODE = YES;
				CLANG_WARN__DUPLICATE_METHOD_MATCH = YES;
				"CODE_SIGN_IDENTITY[sdk=iphoneos*]" = "iPhone Developer";
				COPY_PHASE_STRIP = NO;
				DEBUG_INFORMATION_FORMAT = "dwarf-with-dsym";
				ENABLE_NS_ASSERTIONS = NO;
				ENABLE_STRICT_OBJC_MSGSEND = YES;
				GCC_C_LANGUAGE_STANDARD = gnu99;
				GCC_NO_COMMON_BLOCKS = YES;
				GCC_WARN_64_TO_32_BIT_CONVERSION = YES;
				GCC_WARN_ABOUT_RETURN_TYPE = YES_ERROR;
				GCC_WARN_UNDECLARED_SELECTOR = YES;
				GCC_WARN_UNINITIALIZED_AUTOS = YES_AGGRESSIVE;
				GCC_WARN_UNUSED_FUNCTION = YES;
				GCC_WARN_UNUSED_VARIABLE = YES;
				IPHONEOS_DEPLOYMENT_TARGET = 9.3;
				MTL_ENABLE_DEBUG_INFO = NO;
				SDKROOT = iphoneos;
				TARGETED_DEVICE_FAMILY = "1,2";
				VALIDATE_PRODUCT = YES;
			};
			name = Release;
		};
		141153021D47B07A002171BC /* Debug */ = {
			isa = XCBuildConfiguration;
			buildSettings = {
				ASSETCATALOG_COMPILER_APPICON_NAME = AppIcon;
				INFOPLIST_FILE = coreGF/Info.plist;
				LD_RUNPATH_SEARCH_PATHS = "$(inherited) @executable_path/Frameworks";
				PRODUCT_BUNDLE_IDENTIFIER = com.MyStudio.coreGF;
				PRODUCT_NAME = "$(TARGET_NAME)";
			};
			name = Debug;
		};
		141153031D47B07A002171BC /* Release */ = {
			isa = XCBuildConfiguration;
			buildSettings = {
				ASSETCATALOG_COMPILER_APPICON_NAME = AppIcon;
				INFOPLIST_FILE = coreGF/Info.plist;
				LD_RUNPATH_SEARCH_PATHS = "$(inherited) @executable_path/Frameworks";
				PRODUCT_BUNDLE_IDENTIFIER = com.MyStudio.coreGF;
				PRODUCT_NAME = "$(TARGET_NAME)";
			};
			name = Release;
		};
/* End XCBuildConfiguration section */

/* Begin XCConfigurationList section */
		141152EA1D47B07A002171BC /* Build configuration list for PBXProject "coreGF" */ = {
			isa = XCConfigurationList;
			buildConfigurations = (
				141152FF1D47B07A002171BC /* Debug */,
				141153001D47B07A002171BC /* Release */,
			);
			defaultConfigurationIsVisible = 0;
			defaultConfigurationName = Release;
		};
		141153011D47B07A002171BC /* Build configuration list for PBXNativeTarget "coreGF" */ = {
			isa = XCConfigurationList;
			buildConfigurations = (
				141153021D47B07A002171BC /* Debug */,
				141153031D47B07A002171BC /* Release */,
			);
			defaultConfigurationIsVisible = 0;
		};
/* End XCConfigurationList section */
	};
	rootObject = 141152E71D47B07A002171BC /* Project object */;
}
